
Microsoft Visual Studio Solution File, Format Version 12.00
# Visual Studio Version 17
VisualStudioVersion = 17.5.33627.172
MinimumVisualStudioVersion = 10.0.40219.1
Project("{8BC9CEB8-8B4A-11D0-8D11-00A0C91BC942}") = "MyEngine", "CalyxEngine.vcxproj", "{617C498E-EFD4-4F5D-B046-31568C2BA625}"
EndProject
Project("{8BC9CEB8-8B4A-11D0-8D11-00A0C91BC942}") = "DirectXTex", "externals\DirectXTex\DirectXTex_Desktop_2022_Win10.vcxproj", "{371B9FA9-4C90-4AC6-A123-ACED756D6C77}"
EndProject
Project("{2150E333-8FDC-42A3-9474-1A3956D46DE8}") = "ソリューション項目", "ソリューション項目", "{DDB4EF12-CC4E-5E88-E6FC-71A802F4DE97}"
	ProjectSection(SolutionItems) = preProject
		.editorconfig = .editorconfig
	EndProjectSection
EndProject
Global
	GlobalSection(SolutionConfigurationPlatforms) = preSolution
		Debug|ARM64 = Debug|ARM64
		Debug|x64 = Debug|x64
		Debug|x86 = Debug|x86
		Develop|ARM64 = Develop|ARM64
		Develop|x64 = Develop|x64
		Develop|x86 = Develop|x86
		Profile|ARM64 = Profile|ARM64
		Profile|x64 = Profile|x64
		Profile|x86 = Profile|x86
		Release|ARM64 = Release|ARM64
		Release|x64 = Release|x64
		Release|x86 = Release|x86
	EndGlobalSection
	GlobalSection(ProjectConfigurationPlatforms) = postSolution
		{617C498E-EFD4-4F5D-B046-31568C2BA625}.Debug|ARM64.ActiveCfg = Debug|x64
		{617C498E-EFD4-4F5D-B046-31568C2BA625}.Debug|ARM64.Build.0 = Debug|x64
		{617C498E-EFD4-4F5D-B046-31568C2BA625}.Debug|x64.ActiveCfg = Debug|x64
		{617C498E-EFD4-4F5D-B046-31568C2BA625}.Debug|x64.Build.0 = Debug|x64
		{617C498E-EFD4-4F5D-B046-31568C2BA625}.Debug|x86.ActiveCfg = Debug|x64
		{617C498E-EFD4-4F5D-B046-31568C2BA625}.Debug|x86.Build.0 = Debug|x64
		{617C498E-EFD4-4F5D-B046-31568C2BA625}.Develop|ARM64.ActiveCfg = Develop|x64
		{617C498E-EFD4-4F5D-B046-31568C2BA625}.Develop|ARM64.Build.0 = Develop|x64
		{617C498E-EFD4-4F5D-B046-31568C2BA625}.Develop|x64.ActiveCfg = Develop|x64
		{617C498E-EFD4-4F5D-B046-31568C2BA625}.Develop|x64.Build.0 = Develop|x64
		{617C498E-EFD4-4F5D-B046-31568C2BA625}.Develop|x86.ActiveCfg = Develop|x64
		{617C498E-EFD4-4F5D-B046-31568C2BA625}.Develop|x86.Build.0 = Develop|x64
		{617C498E-EFD4-4F5D-B046-31568C2BA625}.Profile|ARM64.ActiveCfg = Release|x64
		{617C498E-EFD4-4F5D-B046-31568C2BA625}.Profile|ARM64.Build.0 = Release|x64
		{617C498E-EFD4-4F5D-B046-31568C2BA625}.Profile|x64.ActiveCfg = Release|x64
		{617C498E-EFD4-4F5D-B046-31568C2BA625}.Profile|x64.Build.0 = Release|x64
		{617C498E-EFD4-4F5D-B046-31568C2BA625}.Profile|x86.ActiveCfg = Release|x64
		{617C498E-EFD4-4F5D-B046-31568C2BA625}.Profile|x86.Build.0 = Release|x64
		{617C498E-EFD4-4F5D-B046-31568C2BA625}.Release|ARM64.ActiveCfg = Release|x64
		{617C498E-EFD4-4F5D-B046-31568C2BA625}.Release|ARM64.Build.0 = Release|x64
		{617C498E-EFD4-4F5D-B046-31568C2BA625}.Release|x64.ActiveCfg = Release|x64
		{617C498E-EFD4-4F5D-B046-31568C2BA625}.Release|x64.Build.0 = Release|x64
		{617C498E-EFD4-4F5D-B046-31568C2BA625}.Release|x86.ActiveCfg = Release|x64
		{617C498E-EFD4-4F5D-B046-31568C2BA625}.Release|x86.Build.0 = Release|x64
		{371B9FA9-4C90-4AC6-A123-ACED756D6C77}.Debug|ARM64.ActiveCfg = Debug|ARM64
		{371B9FA9-4C90-4AC6-A123-ACED756D6C77}.Debug|ARM64.Build.0 = Debug|ARM64
		{371B9FA9-4C90-4AC6-A123-ACED756D6C77}.Debug|x64.ActiveCfg = Debug|x64
		{371B9FA9-4C90-4AC6-A123-ACED756D6C77}.Debug|x64.Build.0 = Debug|x64
		{371B9FA9-4C90-4AC6-A123-ACED756D6C77}.Debug|x86.ActiveCfg = Debug|Win32
		{371B9FA9-4C90-4AC6-A123-ACED756D6C77}.Debug|x86.Build.0 = Debug|Win32
		{371B9FA9-4C90-4AC6-A123-ACED756D6C77}.Develop|ARM64.ActiveCfg = Profile|ARM64
		{371B9FA9-4C90-4AC6-A123-ACED756D6C77}.Develop|ARM64.Build.0 = Profile|ARM64
		{371B9FA9-4C90-4AC6-A123-ACED756D6C77}.Develop|x64.ActiveCfg = Release|x64
		{371B9FA9-4C90-4AC6-A123-ACED756D6C77}.Develop|x64.Build.0 = Release|x64
		{371B9FA9-4C90-4AC6-A123-ACED756D6C77}.Develop|x86.ActiveCfg = Profile|Win32
		{371B9FA9-4C90-4AC6-A123-ACED756D6C77}.Develop|x86.Build.0 = Profile|Win32
		{371B9FA9-4C90-4AC6-A123-ACED756D6C77}.Profile|ARM64.ActiveCfg = Profile|ARM64
		{371B9FA9-4C90-4AC6-A123-ACED756D6C77}.Profile|ARM64.Build.0 = Profile|ARM64
		{371B9FA9-4C90-4AC6-A123-ACED756D6C77}.Profile|x64.ActiveCfg = Profile|x64
		{371B9FA9-4C90-4AC6-A123-ACED756D6C77}.Profile|x64.Build.0 = Profile|x64
		{371B9FA9-4C90-4AC6-A123-ACED756D6C77}.Profile|x86.ActiveCfg = Profile|Win32
		{371B9FA9-4C90-4AC6-A123-ACED756D6C77}.Profile|x86.Build.0 = Profile|Win32
		{371B9FA9-4C90-4AC6-A123-ACED756D6C77}.Release|ARM64.ActiveCfg = Release|ARM64
		{371B9FA9-4C90-4AC6-A123-ACED756D6C77}.Release|ARM64.Build.0 = Release|ARM64
		{371B9FA9-4C90-4AC6-A123-ACED756D6C77}.Release|x64.ActiveCfg = Release|x64
		{371B9FA9-4C90-4AC6-A123-ACED756D6C77}.Release|x64.Build.0 = Release|x64
		{371B9FA9-4C90-4AC6-A123-ACED756D6C77}.Release|x86.ActiveCfg = Release|Win32
		{371B9FA9-4C90-4AC6-A123-ACED756D6C77}.Release|x86.Build.0 = Release|Win32
	EndGlobalSection
	GlobalSection(SolutionProperties) = preSolution
		HideSolutionNode = FALSE
	EndGlobalSection
	GlobalSection(ExtensibilityGlobals) = postSolution
		SolutionGuid = {80B35CC6-B92C-4FDD-842E-925B1EA5DB48}
	EndGlobalSection
EndGlobal
