<?xml version="1.0" encoding="utf-8"?>
<Project ToolsVersion="4.0" xmlns="http://schemas.microsoft.com/developer/msbuild/2003">
  <ItemGroup>
    <Filter Include="Editor">
      <UniqueIdentifier>{56F466AA-0E52-4449-A181-7D950EBB9D56}</UniqueIdentifier>
    </Filter>
  </ItemGroup>
  <ItemGroup>
    <ClCompile Include="Editor\EditorMain.cpp">
      <Filter>Editor</Filter>
    </ClCompile>
    <ClCompile Include="Editor\ProjectBrowser.cpp">
      <Filter>Editor</Filter>
    </ClCompile>
  </ItemGroup>
  <ItemGroup>
    <ClInclude Include="Editor\ProjectBrowser.h">
      <Filter>Editor</Filter>
    </ClInclude>
  </ItemGroup>
</Project>
